
Microsoft Visual Studio Solution File, Format Version 12.00
# Visual Studio Version 16
VisualStudioVersion = 16.0.28922.388
MinimumVisualStudioVersion = 10.0.40219.1
Project("{FAE04EC0-301F-11D3-BF4B-00C04F79EFBC}") = "EFGHermes.Calculator.Service", "EFGHermes.Calculator.Service\EFGHermes.Calculator.Service.csproj", "{19D729D6-E412-4EA5-9858-F2D1DCB28996}"
EndProject
Project("{FAE04EC0-301F-11D3-BF4B-00C04F79EFBC}") = "EFGHermes.Calculator.Client", "EFGHermes.Calculator.Client\EFGHermes.Calculator.Client.csproj", "{66BA4667-6D5B-4C16-A231-94F112E0026F}"
	ProjectSection(ProjectDependencies) = postProject
		{19D729D6-E412-4EA5-9858-F2D1DCB28996} = {19D729D6-E412-4EA5-9858-F2D1DCB28996}
	EndProjectSection
EndProject
Project("{FAE04EC0-301F-11D3-BF4B-00C04F79EFBC}") = "EFGHermes.Calculator.SelfHost", "EFGHermes.Calculator.SelfHost\EFGHermes.Calculator.SelfHost.csproj", "{18F309E3-FF6B-4DCB-A017-DB9F2B4EF7D2}"
EndProject
Project("{2150E333-8FDC-42A3-9474-1A3956D46DE8}") = "TSQLScript", "TSQLScript", "{9AC90B2C-7008-41A5-904A-BC02629053B2}"
	ProjectSection(SolutionItems) = preProject
		EFGHermes.Calculator.TSQLScript.sql = EFGHermes.Calculator.TSQLScript.sql
	EndProjectSection
EndProject
Global
	GlobalSection(SolutionConfigurationPlatforms) = preSolution
		Debug|Any CPU = Debug|Any CPU
		Release|Any CPU = Release|Any CPU
	EndGlobalSection
	GlobalSection(ProjectConfigurationPlatforms) = postSolution
		{19D729D6-E412-4EA5-9858-F2D1DCB28996}.Debug|Any CPU.ActiveCfg = Debug|Any CPU
		{19D729D6-E412-4EA5-9858-F2D1DCB28996}.Debug|Any CPU.Build.0 = Debug|Any CPU
		{19D729D6-E412-4EA5-9858-F2D1DCB28996}.Release|Any CPU.ActiveCfg = Release|Any CPU
		{19D729D6-E412-4EA5-9858-F2D1DCB28996}.Release|Any CPU.Build.0 = Release|Any CPU
		{66BA4667-6D5B-4C16-A231-94F112E0026F}.Debug|Any CPU.ActiveCfg = Debug|Any CPU
		{66BA4667-6D5B-4C16-A231-94F112E0026F}.Debug|Any CPU.Build.0 = Debug|Any CPU
		{66BA4667-6D5B-4C16-A231-94F112E0026F}.Release|Any CPU.ActiveCfg = Release|Any CPU
		{66BA4667-6D5B-4C16-A231-94F112E0026F}.Release|Any CPU.Build.0 = Release|Any CPU
		{18F309E3-FF6B-4DCB-A017-DB9F2B4EF7D2}.Debug|Any CPU.ActiveCfg = Debug|Any CPU
		{18F309E3-FF6B-4DCB-A017-DB9F2B4EF7D2}.Debug|Any CPU.Build.0 = Debug|Any CPU
		{18F309E3-FF6B-4DCB-A017-DB9F2B4EF7D2}.Release|Any CPU.ActiveCfg = Release|Any CPU
		{18F309E3-FF6B-4DCB-A017-DB9F2B4EF7D2}.Release|Any CPU.Build.0 = Release|Any CPU
	EndGlobalSection
	GlobalSection(SolutionProperties) = preSolution
		HideSolutionNode = FALSE
	EndGlobalSection
	GlobalSection(ExtensibilityGlobals) = postSolution
		SolutionGuid = {9C3A609F-5B4D-478B-82AE-A50C7215915A}
	EndGlobalSection
EndGlobal
